{
  "pins" : [
    {
      "identity" : "javapi4swift",
      "kind" : "remoteSourceControl",
      "location" : "https://github.com/bastie/JavApi4Swift.git",
      "state" : {
        "revision" : "396d450a470a8d5b20fd985c75cdd6fad044d14b",
        "version" : "0.7.4"
      }
    }
  ],
  "version" : 2
}
