{
  "pins" : [
    {
      "identity" : "javapi4swift",
      "kind" : "remoteSourceControl",
      "location" : "https://github.com/bastie/JavApi4Swift.git",
      "state" : {
        "revision" : "f7dda52c4f24c89d36eec38a56e6a9689c3ff8b6",
        "version" : "0.7.5"
      }
    }
  ],
  "version" : 2
}
